
Microsoft Visual Studio Solution File, Format Version 12.00
# Visual Studio Version 17
VisualStudioVersion = 17.9.34723.18
MinimumVisualStudioVersion = 10.0.40219.1
Project("{FAE04EC0-301F-11D3-BF4B-00C04F79EFBC}") = "CS.BNP.App", "CS.BNP.App\CS.BNP.App.csproj", "{89D12415-C726-491E-A286-910D508C22A7}"
EndProject
Project("{54435603-DBB4-11D2-8724-00A0C9A8B90C}") = "CSAppSetup", "CSAppSetup\CSAppSetup.vdproj", "{AF86E8D9-2305-4FAB-83CE-40582915E623}"
EndProject
Global
	GlobalSection(SolutionConfigurationPlatforms) = preSolution
		Debug|Any CPU = Debug|Any CPU
		Release|Any CPU = Release|Any CPU
	EndGlobalSection
	GlobalSection(ProjectConfigurationPlatforms) = postSolution
		{89D12415-C726-491E-A286-910D508C22A7}.Debug|Any CPU.ActiveCfg = Debug|Any CPU
		{89D12415-C726-491E-A286-910D508C22A7}.Debug|Any CPU.Build.0 = Debug|Any CPU
		{89D12415-C726-491E-A286-910D508C22A7}.Release|Any CPU.ActiveCfg = Release|Any CPU
		{89D12415-C726-491E-A286-910D508C22A7}.Release|Any CPU.Build.0 = Release|Any CPU
		{AF86E8D9-2305-4FAB-83CE-40582915E623}.Debug|Any CPU.ActiveCfg = Debug
		{AF86E8D9-2305-4FAB-83CE-40582915E623}.Release|Any CPU.ActiveCfg = Release
	EndGlobalSection
	GlobalSection(SolutionProperties) = preSolution
		HideSolutionNode = FALSE
	EndGlobalSection
	GlobalSection(ExtensibilityGlobals) = postSolution
		SolutionGuid = {E9ECBD79-787C-48D9-9D6B-B568369A7B6A}
	EndGlobalSection
EndGlobal
